{
  "name": "claudex-local-gateway",
  "version": "0.1.0",
  "lockfileVersion": 3,
  "requires": true,
  "packages": {
    "": {
      "name": "claudex-local-gateway",
      "version": "0.1.0",
      "license": "GPL-3.0-only",
      "dependencies": {
        "@caixiaoshun/claudex": "1.0.12"
      }
    },
    "node_modules/@caixiaoshun/claudex": {
      "version": "1.0.12",
      "resolved": "https://registry.npmjs.org/@caixiaoshun/claudex/-/claudex-1.0.12.tgz",
      "integrity": "sha512-a2rqTfZH7pbswARlZoFELukVEijI/OzJhsOlDs2BdUgEhi6GWkHIwHdJoLpxTvT5aO46hNUiDdZ/Sxcomi/G7w==",
      "license": "GPL-3.0",
      "bin": {
        "claudex": "dist/src/index.js"
      },
      "engines": {
        "node": ">=18.0.0"
      }
    }
  }
}
